Microsoft Visual Studio Solution File, Format Version 12.00
# Visual Studio Version 17
VisualStudioVersion = 17.5.2.0
MinimumVisualStudioVersion = 10.0.40219.1
Project("{FAE04EC0-301F-11D3-BF4B-00C04F79EFBC}") = "PraPdBL-Backend", "PraPdBL-Backend.csproj", "{B41DBFA1-2353-DE57-5443-5F860A3B9CD3}"
EndProject
Global
	GlobalSection(SolutionConfigurationPlatforms) = preSolution
		Debug|Any CPU = Debug|Any CPU
		Release|Any CPU = Release|Any CPU
	EndGlobalSection
	GlobalSection(ProjectConfigurationPlatforms) = postSolution
		{B41DBFA1-2353-DE57-5443-5F860A3B9CD3}.Debug|Any CPU.ActiveCfg = Debug|Any CPU
		{B41DBFA1-2353-DE57-5443-5F860A3B9CD3}.Debug|Any CPU.Build.0 = Debug|Any CPU
		{B41DBFA1-2353-DE57-5443-5F860A3B9CD3}.Release|Any CPU.ActiveCfg = Release|Any CPU
		{B41DBFA1-2353-DE57-5443-5F860A3B9CD3}.Release|Any CPU.Build.0 = Release|Any CPU
	EndGlobalSection
	GlobalSection(SolutionProperties) = preSolution
		HideSolutionNode = FALSE
	EndGlobalSection
	GlobalSection(ExtensibilityGlobals) = postSolution
		SolutionGuid = {E5A0AE52-C543-4A08-A4DE-D57DDD28D40C}
	EndGlobalSection
EndGlobal
